
Microsoft Visual Studio Solution File, Format Version 12.00
# Visual Studio Version 17
VisualStudioVersion = 17.1.32228.430
MinimumVisualStudioVersion = 10.0.40219.1
Project("{FAE04EC0-301F-11D3-BF4B-00C04F79EFBC}") = "Exercice 4.5 palindrom", "Exercice 4.5 palindrom\Exercice 4.5 palindrom.csproj", "{CE5DDF76-0CE6-4C40-85FA-47B284C919CF}"
EndProject
Global
	GlobalSection(SolutionConfigurationPlatforms) = preSolution
		Debug|Any CPU = Debug|Any CPU
		Release|Any CPU = Release|Any CPU
	EndGlobalSection
	GlobalSection(ProjectConfigurationPlatforms) = postSolution
		{CE5DDF76-0CE6-4C40-85FA-47B284C919CF}.Debug|Any CPU.ActiveCfg = Debug|Any CPU
		{CE5DDF76-0CE6-4C40-85FA-47B284C919CF}.Debug|Any CPU.Build.0 = Debug|Any CPU
		{CE5DDF76-0CE6-4C40-85FA-47B284C919CF}.Release|Any CPU.ActiveCfg = Release|Any CPU
		{CE5DDF76-0CE6-4C40-85FA-47B284C919CF}.Release|Any CPU.Build.0 = Release|Any CPU
	EndGlobalSection
	GlobalSection(SolutionProperties) = preSolution
		HideSolutionNode = FALSE
	EndGlobalSection
	GlobalSection(ExtensibilityGlobals) = postSolution
		SolutionGuid = {6AE3BB23-3461-4660-9EA4-C906CE6C629F}
	EndGlobalSection
EndGlobal
